
Microsoft Visual Studio Solution File, Format Version 12.00
# Visual Studio Version 17
VisualStudioVersion = 17.2.32616.157
MinimumVisualStudioVersion = 10.0.40219.1
Project("{9A19103F-16F7-4668-BE54-9A1E7A4F7556}") = "CualiVy-CC", "CualiVy-CC.csproj", "{8605EC96-7E74-42F2-9B84-8DF699CA8D95}"
EndProject
Global
	GlobalSection(SolutionConfigurationPlatforms) = preSolution
		Debug|Any CPU = Debug|Any CPU
		Release|Any CPU = Release|Any CPU
	EndGlobalSection
	GlobalSection(ProjectConfigurationPlatforms) = postSolution
		{8605EC96-7E74-42F2-9B84-8DF699CA8D95}.Debug|Any CPU.ActiveCfg = Debug|Any CPU
		{8605EC96-7E74-42F2-9B84-8DF699CA8D95}.Debug|Any CPU.Build.0 = Debug|Any CPU
		{8605EC96-7E74-42F2-9B84-8DF699CA8D95}.Release|Any CPU.ActiveCfg = Release|Any CPU
		{8605EC96-7E74-42F2-9B84-8DF699CA8D95}.Release|Any CPU.Build.0 = Release|Any CPU
	EndGlobalSection
	GlobalSection(SolutionProperties) = preSolution
		HideSolutionNode = FALSE
	EndGlobalSection
	GlobalSection(ExtensibilityGlobals) = postSolution
		SolutionGuid = {47C76D01-07A3-4C97-93E1-9730D38532FD}
	EndGlobalSection
EndGlobal
